
Microsoft Visual Studio Solution File, Format Version 12.00
# Visual Studio Version 17
VisualStudioVersion = 17.5.33530.505
MinimumVisualStudioVersion = 10.0.40219.1
Project("{9A19103F-16F7-4668-BE54-9A1E7A4F7556}") = "UESAN.Couch.API", "UESAN.Couch.API\UESAN.Couch.API.csproj", "{87567183-783F-419C-AF86-B59B867CE2DE}"
	ProjectSection(ProjectDependencies) = postProject
		{18FCF903-DFB9-4B6F-94E1-0EB54A5A84AD} = {18FCF903-DFB9-4B6F-94E1-0EB54A5A84AD}
	EndProjectSection
EndProject
Project("{9A19103F-16F7-4668-BE54-9A1E7A4F7556}") = "UESAN.Couch.Core", "UESAN.Couch.Core\UESAN.Couch.Core.csproj", "{521DF369-4C30-45E0-8B3D-AD08412350DD}"
EndProject
Project("{9A19103F-16F7-4668-BE54-9A1E7A4F7556}") = "UESAN.Couch.Infrastructure", "UESAN.Couch.Infrastructure\UESAN.Couch.Infrastructure.csproj", "{18FCF903-DFB9-4B6F-94E1-0EB54A5A84AD}"
EndProject
Project("{00D1A9C2-B5F0-4AF3-8072-F6C62B433612}") = "UESAN.Couch.Database", "UESAN.Couch.Database\UESAN.Couch.Database.sqlproj", "{CF342385-1696-4474-9D98-75E4A05942DF}"
EndProject
Global
	GlobalSection(SolutionConfigurationPlatforms) = preSolution
		Debug|Any CPU = Debug|Any CPU
		Release|Any CPU = Release|Any CPU
	EndGlobalSection
	GlobalSection(ProjectConfigurationPlatforms) = postSolution
		{87567183-783F-419C-AF86-B59B867CE2DE}.Debug|Any CPU.ActiveCfg = Debug|Any CPU
		{87567183-783F-419C-AF86-B59B867CE2DE}.Debug|Any CPU.Build.0 = Debug|Any CPU
		{87567183-783F-419C-AF86-B59B867CE2DE}.Release|Any CPU.ActiveCfg = Release|Any CPU
		{87567183-783F-419C-AF86-B59B867CE2DE}.Release|Any CPU.Build.0 = Release|Any CPU
		{521DF369-4C30-45E0-8B3D-AD08412350DD}.Debug|Any CPU.ActiveCfg = Debug|Any CPU
		{521DF369-4C30-45E0-8B3D-AD08412350DD}.Debug|Any CPU.Build.0 = Debug|Any CPU
		{521DF369-4C30-45E0-8B3D-AD08412350DD}.Release|Any CPU.ActiveCfg = Release|Any CPU
		{521DF369-4C30-45E0-8B3D-AD08412350DD}.Release|Any CPU.Build.0 = Release|Any CPU
		{18FCF903-DFB9-4B6F-94E1-0EB54A5A84AD}.Debug|Any CPU.ActiveCfg = Debug|Any CPU
		{18FCF903-DFB9-4B6F-94E1-0EB54A5A84AD}.Debug|Any CPU.Build.0 = Debug|Any CPU
		{18FCF903-DFB9-4B6F-94E1-0EB54A5A84AD}.Release|Any CPU.ActiveCfg = Release|Any CPU
		{18FCF903-DFB9-4B6F-94E1-0EB54A5A84AD}.Release|Any CPU.Build.0 = Release|Any CPU
		{CF342385-1696-4474-9D98-75E4A05942DF}.Debug|Any CPU.ActiveCfg = Debug|Any CPU
		{CF342385-1696-4474-9D98-75E4A05942DF}.Debug|Any CPU.Build.0 = Debug|Any CPU
		{CF342385-1696-4474-9D98-75E4A05942DF}.Debug|Any CPU.Deploy.0 = Debug|Any CPU
		{CF342385-1696-4474-9D98-75E4A05942DF}.Release|Any CPU.ActiveCfg = Release|Any CPU
		{CF342385-1696-4474-9D98-75E4A05942DF}.Release|Any CPU.Build.0 = Release|Any CPU
		{CF342385-1696-4474-9D98-75E4A05942DF}.Release|Any CPU.Deploy.0 = Release|Any CPU
	EndGlobalSection
	GlobalSection(SolutionProperties) = preSolution
		HideSolutionNode = FALSE
	EndGlobalSection
	GlobalSection(ExtensibilityGlobals) = postSolution
		SolutionGuid = {962573D1-2BD0-4DD3-9299-2D5867FAE7E0}
	EndGlobalSection
EndGlobal
